{
  "name": "reservations-api",
  "version": "1.0.0",
  "lockfileVersion": 3,
  "requires": true,
  "packages": {
    "": {
      "name": "reservations-api",
      "version": "1.0.0",
      "dependencies": {
        "cors": "^2.8.5",
        "express": "^4.21.0",
        "express-rate-limit": "^7.5.0",
        "pg": "^8.13.0",
        "swagger-ui-express": "^5.0.1",
        "typescript": "^5.7.0",
        "zod": "^3.24.0"
      },
      "devDependencies": {
        "@types/cors": "^2.8.17",
        "@types/express": "^5.0.0",
        "@types/pg": "^8.11.0",
        "@types/swagger-ui-express": "^4.1.8",
        "@vitest/coverage-v8": "^3.0.0",
        "tsx": "^4.19.0",
        "vitest": "^3.0.0"
      },
      "engines": {
        "node": "20.x"
      }
    }
  }
}